
Microsoft Visual Studio Solution File, Format Version 12.00
# Visual Studio Version 17
VisualStudioVersion = 17.4.33403.182
MinimumVisualStudioVersion = 10.0.40219.1
Project("{2150E333-8FDC-42A3-9474-1A3956D46DE8}") = "SRC", "SRC", "{C728F61B-5EAF-4B76-9309-15AB09A36353}"
EndProject
Project("{2150E333-8FDC-42A3-9474-1A3956D46DE8}") = "Core", "Core", "{9BB955A0-BF04-426A-B057-48BE2F17066F}"
EndProject
Project("{2150E333-8FDC-42A3-9474-1A3956D46DE8}") = "Infraestructure", "Infraestructure", "{E231C832-5083-4BEF-BB1B-C7F3056916C6}"
EndProject
Project("{2150E333-8FDC-42A3-9474-1A3956D46DE8}") = "Presentation", "Presentation", "{CF53C65E-64F8-44B4-9049-7AC78CE40D3F}"
EndProject
Project("{9A19103F-16F7-4668-BE54-9A1E7A4F7556}") = "Application", "Application\Application.csproj", "{735CCDA3-80A8-4823-A5E4-3D87F1F024E3}"
EndProject
Project("{9A19103F-16F7-4668-BE54-9A1E7A4F7556}") = "Domain", "Domain\Domain.csproj", "{7A16F565-BC15-41AE-AAF2-D8EE250F51B6}"
EndProject
Project("{9A19103F-16F7-4668-BE54-9A1E7A4F7556}") = "Persistence", "Persistence\Persistence.csproj", "{D1359A76-3288-4DFF-B588-39A05BE92A76}"
EndProject
Project("{9A19103F-16F7-4668-BE54-9A1E7A4F7556}") = "Shared", "Shared\Shared.csproj", "{304474EF-EF46-4D14-9EFF-3B556838DA13}"
EndProject
Project("{9A19103F-16F7-4668-BE54-9A1E7A4F7556}") = "WebApi", "WebApi\WebApi.csproj", "{BEC35DFD-DDC7-4C74-9038-F71CB4900367}"
EndProject
Project("{FAE04EC0-301F-11D3-BF4B-00C04F79EFBC}") = "Identity", "Identity\Identity.csproj", "{11291E62-76CF-40B7-A437-2E9F0CCA0DD3}"
EndProject
Global
	GlobalSection(SolutionConfigurationPlatforms) = preSolution
		Debug|Any CPU = Debug|Any CPU
		Release|Any CPU = Release|Any CPU
	EndGlobalSection
	GlobalSection(ProjectConfigurationPlatforms) = postSolution
		{735CCDA3-80A8-4823-A5E4-3D87F1F024E3}.Debug|Any CPU.ActiveCfg = Debug|Any CPU
		{735CCDA3-80A8-4823-A5E4-3D87F1F024E3}.Debug|Any CPU.Build.0 = Debug|Any CPU
		{735CCDA3-80A8-4823-A5E4-3D87F1F024E3}.Release|Any CPU.ActiveCfg = Release|Any CPU
		{735CCDA3-80A8-4823-A5E4-3D87F1F024E3}.Release|Any CPU.Build.0 = Release|Any CPU
		{7A16F565-BC15-41AE-AAF2-D8EE250F51B6}.Debug|Any CPU.ActiveCfg = Debug|Any CPU
		{7A16F565-BC15-41AE-AAF2-D8EE250F51B6}.Debug|Any CPU.Build.0 = Debug|Any CPU
		{7A16F565-BC15-41AE-AAF2-D8EE250F51B6}.Release|Any CPU.ActiveCfg = Release|Any CPU
		{7A16F565-BC15-41AE-AAF2-D8EE250F51B6}.Release|Any CPU.Build.0 = Release|Any CPU
		{D1359A76-3288-4DFF-B588-39A05BE92A76}.Debug|Any CPU.ActiveCfg = Debug|Any CPU
		{D1359A76-3288-4DFF-B588-39A05BE92A76}.Debug|Any CPU.Build.0 = Debug|Any CPU
		{D1359A76-3288-4DFF-B588-39A05BE92A76}.Release|Any CPU.ActiveCfg = Release|Any CPU
		{D1359A76-3288-4DFF-B588-39A05BE92A76}.Release|Any CPU.Build.0 = Release|Any CPU
		{304474EF-EF46-4D14-9EFF-3B556838DA13}.Debug|Any CPU.ActiveCfg = Debug|Any CPU
		{304474EF-EF46-4D14-9EFF-3B556838DA13}.Debug|Any CPU.Build.0 = Debug|Any CPU
		{304474EF-EF46-4D14-9EFF-3B556838DA13}.Release|Any CPU.ActiveCfg = Release|Any CPU
		{304474EF-EF46-4D14-9EFF-3B556838DA13}.Release|Any CPU.Build.0 = Release|Any CPU
		{BEC35DFD-DDC7-4C74-9038-F71CB4900367}.Debug|Any CPU.ActiveCfg = Debug|Any CPU
		{BEC35DFD-DDC7-4C74-9038-F71CB4900367}.Debug|Any CPU.Build.0 = Debug|Any CPU
		{BEC35DFD-DDC7-4C74-9038-F71CB4900367}.Release|Any CPU.ActiveCfg = Release|Any CPU
		{BEC35DFD-DDC7-4C74-9038-F71CB4900367}.Release|Any CPU.Build.0 = Release|Any CPU
		{11291E62-76CF-40B7-A437-2E9F0CCA0DD3}.Debug|Any CPU.ActiveCfg = Debug|Any CPU
		{11291E62-76CF-40B7-A437-2E9F0CCA0DD3}.Debug|Any CPU.Build.0 = Debug|Any CPU
		{11291E62-76CF-40B7-A437-2E9F0CCA0DD3}.Release|Any CPU.ActiveCfg = Release|Any CPU
		{11291E62-76CF-40B7-A437-2E9F0CCA0DD3}.Release|Any CPU.Build.0 = Release|Any CPU
	EndGlobalSection
	GlobalSection(SolutionProperties) = preSolution
		HideSolutionNode = FALSE
	EndGlobalSection
	GlobalSection(NestedProjects) = preSolution
		{9BB955A0-BF04-426A-B057-48BE2F17066F} = {C728F61B-5EAF-4B76-9309-15AB09A36353}
		{E231C832-5083-4BEF-BB1B-C7F3056916C6} = {C728F61B-5EAF-4B76-9309-15AB09A36353}
		{CF53C65E-64F8-44B4-9049-7AC78CE40D3F} = {C728F61B-5EAF-4B76-9309-15AB09A36353}
		{735CCDA3-80A8-4823-A5E4-3D87F1F024E3} = {9BB955A0-BF04-426A-B057-48BE2F17066F}
		{7A16F565-BC15-41AE-AAF2-D8EE250F51B6} = {9BB955A0-BF04-426A-B057-48BE2F17066F}
		{D1359A76-3288-4DFF-B588-39A05BE92A76} = {E231C832-5083-4BEF-BB1B-C7F3056916C6}
		{304474EF-EF46-4D14-9EFF-3B556838DA13} = {E231C832-5083-4BEF-BB1B-C7F3056916C6}
		{BEC35DFD-DDC7-4C74-9038-F71CB4900367} = {CF53C65E-64F8-44B4-9049-7AC78CE40D3F}
		{11291E62-76CF-40B7-A437-2E9F0CCA0DD3} = {E231C832-5083-4BEF-BB1B-C7F3056916C6}
	EndGlobalSection
	GlobalSection(ExtensibilityGlobals) = postSolution
		SolutionGuid = {EC83CD47-9346-4C42-8183-01880067D594}
	EndGlobalSection
EndGlobal
